{
    "version": 3,
    "terraform_version": "0.11.13",
    "serial": 22,
    "lineage": "f0cf2ee9-f641-4f48-03df-b006a1057e93",
    "modules": [
        {
            "path": [
                "root"
            ],
            "outputs": {},
            "resources": {
                "digitalocean_droplet.web1": {
                    "type": "digitalocean_droplet",
                    "depends_on": [
                        "digitalocean_ssh_key.sergey_b"
                    ],
                    "primary": {
                        "id": "137733995",
                        "attributes": {
                            "backups": "false",
                            "disk": "25",
                            "id": "137733995",
                            "image": "ubuntu-18-04-x64",
                            "ipv4_address": "134.209.229.227",
                            "ipv4_address_private": "",
                            "ipv6": "false",
                            "ipv6_address": "",
                            "ipv6_address_private": "",
                            "locked": "false",
                            "memory": "1024",
                            "monitoring": "false",
                            "name": "web-1",
                            "price_hourly": "0.00744",
                            "price_monthly": "5",
                            "private_networking": "false",
                            "region": "fra1",
                            "resize_disk": "true",
                            "size": "s-1vcpu-1gb",
                            "ssh_keys.#": "1",
                            "ssh_keys.3605283791": "d4:dc:cd:4d:02:48:a6:d5:85:a0:8f:82:e8:80:c4:44",
                            "status": "active",
                            "tags.#": "0",
                            "vcpus": "1",
                            "volume_ids.#": "0"
                        },
                        "meta": {
                            "schema_version": "1"
                        },
                        "tainted": false
                    },
                    "deposed": [],
                    "provider": "provider.digitalocean"
                },
                "digitalocean_ssh_key.sergey_b": {
                    "type": "digitalocean_ssh_key",
                    "depends_on": [],
                    "primary": {
                        "id": "24229409",
                        "attributes": {
                            "fingerprint": "d4:dc:cd:4d:02:48:a6:d5:85:a0:8f:82:e8:80:c4:44",
                            "id": "24229409",
                            "name": "Sergey's workstation ssh public key",
                            "public_key": "ssh-rsa AAAAB3NzaC1yc2EAAAADAQABAAABAQC9l9Yy0enDJboRhJKB5Dd36t3QyomdZjejaIokzwXnqmn64cE+B30jkLPoqC3lAjItpHHS4TzJ5ow46+v1h4u67kBMSQD4caIwe3/GBhem3li+jLA9s3o98k1HMdjjhhy9XBxhP8mIcpTRdqUJ5WLOMM76Jv4W1BUAst3FU//weznZ/V7dF/YKQCo1SnHe9W1mvEgYGXuhKomv44NT1DeO/wbI/U9G1WZLgjTmIEKMZ00jDEeYp/GlQRGGsox1pljOXA4COB+/YuVNOIur16U/knZJ6nTjYcwUI5ovd0idBOYI0eWe5UaB1DXOdQeycIax53jnUYSARve5tXwPSHkT"
                        },
                        "meta": {},
                        "tainted": false
                    },
                    "deposed": [],
                    "provider": "provider.digitalocean"
                }
            },
            "depends_on": []
        }
    ]
}
